
Microsoft Visual Studio Solution File, Format Version 12.00
# Visual Studio Version 17
VisualStudioVersion = 17.9.34622.214
MinimumVisualStudioVersion = 10.0.40219.1
Project("{9A19103F-16F7-4668-BE54-9A1E7A4F7556}") = "VipSystemsTest.Model", "VipSystemsTest.Model\VipSystemsTest.Model.csproj", "{691ACA8E-92AD-4EC3-B167-1CA76A53DBA6}"
EndProject
Project("{FAE04EC0-301F-11D3-BF4B-00C04F79EFBC}") = "VipSystemsTest.Test", "VipSystemsTest.Test\VipSystemsTest.Test.csproj", "{8906FCA9-BAF5-4937-AB24-2234FDD533DA}"
EndProject
Project("{FAE04EC0-301F-11D3-BF4B-00C04F79EFBC}") = "VipSystemsTest.Controller", "VipSystemsTest.Controller\VipSystemsTest.Controller.csproj", "{39AFD24D-6872-49BA-8262-E468C9392B2A}"
EndProject
Global
	GlobalSection(SolutionConfigurationPlatforms) = preSolution
		Debug|Any CPU = Debug|Any CPU
		Release|Any CPU = Release|Any CPU
	EndGlobalSection
	GlobalSection(ProjectConfigurationPlatforms) = postSolution
		{691ACA8E-92AD-4EC3-B167-1CA76A53DBA6}.Debug|Any CPU.ActiveCfg = Debug|Any CPU
		{691ACA8E-92AD-4EC3-B167-1CA76A53DBA6}.Debug|Any CPU.Build.0 = Debug|Any CPU
		{691ACA8E-92AD-4EC3-B167-1CA76A53DBA6}.Release|Any CPU.ActiveCfg = Release|Any CPU
		{691ACA8E-92AD-4EC3-B167-1CA76A53DBA6}.Release|Any CPU.Build.0 = Release|Any CPU
		{8906FCA9-BAF5-4937-AB24-2234FDD533DA}.Debug|Any CPU.ActiveCfg = Debug|Any CPU
		{8906FCA9-BAF5-4937-AB24-2234FDD533DA}.Debug|Any CPU.Build.0 = Debug|Any CPU
		{8906FCA9-BAF5-4937-AB24-2234FDD533DA}.Release|Any CPU.ActiveCfg = Release|Any CPU
		{8906FCA9-BAF5-4937-AB24-2234FDD533DA}.Release|Any CPU.Build.0 = Release|Any CPU
		{39AFD24D-6872-49BA-8262-E468C9392B2A}.Debug|Any CPU.ActiveCfg = Debug|Any CPU
		{39AFD24D-6872-49BA-8262-E468C9392B2A}.Debug|Any CPU.Build.0 = Debug|Any CPU
		{39AFD24D-6872-49BA-8262-E468C9392B2A}.Release|Any CPU.ActiveCfg = Release|Any CPU
		{39AFD24D-6872-49BA-8262-E468C9392B2A}.Release|Any CPU.Build.0 = Release|Any CPU
	EndGlobalSection
	GlobalSection(SolutionProperties) = preSolution
		HideSolutionNode = FALSE
	EndGlobalSection
	GlobalSection(ExtensibilityGlobals) = postSolution
		SolutionGuid = {D6C04BA6-2656-4C45-9533-ABBD029A5611}
	EndGlobalSection
EndGlobal
